
Microsoft Visual Studio Solution File, Format Version 12.00
# Visual Studio Version 17
VisualStudioVersion = 17.14.36127.28
MinimumVisualStudioVersion = 10.0.40219.1
Project("{FAE04EC0-301F-11D3-BF4B-00C04F79EFBC}") = "OncoSharp.Core", "OncoSharp.Core\OncoSharp.Core.csproj", "{8D85601A-29AA-4621-AFD5-4479854682A8}"
EndProject
Project("{2150E333-8FDC-42A3-9474-1A3956D46DE8}") = "Tests", "Tests", "{02EA681E-C7D8-13C7-8484-4AC65E1B71E8}"
EndProject
Project("{FAE04EC0-301F-11D3-BF4B-00C04F79EFBC}") = "OncoSharp.Core.Tests", "OncoSharp.Core.Tests\OncoSharp.Core.Tests.csproj", "{A9E96D77-5A68-4EB3-956E-AAE0F69EB152}"
EndProject
Project("{FAE04EC0-301F-11D3-BF4B-00C04F79EFBC}") = "OncoSharp.DVH", "OncoSharp.DVH\OncoSharp.DVH.csproj", "{0D964E8A-BDB1-402D-88F3-35CE559D1636}"
EndProject
Project("{FAE04EC0-301F-11D3-BF4B-00C04F79EFBC}") = "OncoSharp.DVH.Parsers", "OncoSharp.DVH.Parsers\OncoSharp.DVH.Parsers.csproj", "{565D2308-C385-40ED-8958-11129157F66F}"
EndProject
Project("{FAE04EC0-301F-11D3-BF4B-00C04F79EFBC}") = "OncoSharp.DVH.Tests", "OncoSharp.DVH.Tests\OncoSharp.DVH.Tests.csproj", "{BD2FF32E-DFF1-4B7D-80D8-A0A38DBA6DFA}"
EndProject
Project("{FAE04EC0-301F-11D3-BF4B-00C04F79EFBC}") = "OncoSharp.Radiobiology", "OncoSharp.Radiobiology\OncoSharp.Radiobiology.csproj", "{193D6781-25AE-43E6-802E-924A5BA7EFD5}"
EndProject
Project("{FAE04EC0-301F-11D3-BF4B-00C04F79EFBC}") = "OncoSharp.Radiobiology.Tests", "OncoSharp.Radiobiology.Tests\OncoSharp.Radiobiology.Tests.csproj", "{81E56DF8-D842-4FA6-B734-47044A73B804}"
EndProject
Project("{FAE04EC0-301F-11D3-BF4B-00C04F79EFBC}") = "OncoSharp.ModelFit", "OncoSharp.ModelFit\OncoSharp.ModelFit.csproj", "{5B376FDB-4C6D-438B-AE30-29B3BB8D4686}"
EndProject
Global
	GlobalSection(SolutionConfigurationPlatforms) = preSolution
		Debug|Any CPU = Debug|Any CPU
		Release|Any CPU = Release|Any CPU
	EndGlobalSection
	GlobalSection(ProjectConfigurationPlatforms) = postSolution
		{8D85601A-29AA-4621-AFD5-4479854682A8}.Debug|Any CPU.ActiveCfg = Debug|Any CPU
		{8D85601A-29AA-4621-AFD5-4479854682A8}.Debug|Any CPU.Build.0 = Debug|Any CPU
		{8D85601A-29AA-4621-AFD5-4479854682A8}.Release|Any CPU.ActiveCfg = Release|Any CPU
		{8D85601A-29AA-4621-AFD5-4479854682A8}.Release|Any CPU.Build.0 = Release|Any CPU
		{A9E96D77-5A68-4EB3-956E-AAE0F69EB152}.Debug|Any CPU.ActiveCfg = Debug|Any CPU
		{A9E96D77-5A68-4EB3-956E-AAE0F69EB152}.Debug|Any CPU.Build.0 = Debug|Any CPU
		{A9E96D77-5A68-4EB3-956E-AAE0F69EB152}.Release|Any CPU.ActiveCfg = Release|Any CPU
		{A9E96D77-5A68-4EB3-956E-AAE0F69EB152}.Release|Any CPU.Build.0 = Release|Any CPU
		{0D964E8A-BDB1-402D-88F3-35CE559D1636}.Debug|Any CPU.ActiveCfg = Debug|Any CPU
		{0D964E8A-BDB1-402D-88F3-35CE559D1636}.Debug|Any CPU.Build.0 = Debug|Any CPU
		{0D964E8A-BDB1-402D-88F3-35CE559D1636}.Release|Any CPU.ActiveCfg = Release|Any CPU
		{0D964E8A-BDB1-402D-88F3-35CE559D1636}.Release|Any CPU.Build.0 = Release|Any CPU
		{565D2308-C385-40ED-8958-11129157F66F}.Debug|Any CPU.ActiveCfg = Debug|Any CPU
		{565D2308-C385-40ED-8958-11129157F66F}.Debug|Any CPU.Build.0 = Debug|Any CPU
		{565D2308-C385-40ED-8958-11129157F66F}.Release|Any CPU.ActiveCfg = Release|Any CPU
		{565D2308-C385-40ED-8958-11129157F66F}.Release|Any CPU.Build.0 = Release|Any CPU
		{BD2FF32E-DFF1-4B7D-80D8-A0A38DBA6DFA}.Debug|Any CPU.ActiveCfg = Debug|Any CPU
		{BD2FF32E-DFF1-4B7D-80D8-A0A38DBA6DFA}.Debug|Any CPU.Build.0 = Debug|Any CPU
		{BD2FF32E-DFF1-4B7D-80D8-A0A38DBA6DFA}.Release|Any CPU.ActiveCfg = Release|Any CPU
		{BD2FF32E-DFF1-4B7D-80D8-A0A38DBA6DFA}.Release|Any CPU.Build.0 = Release|Any CPU
		{193D6781-25AE-43E6-802E-924A5BA7EFD5}.Debug|Any CPU.ActiveCfg = Debug|Any CPU
		{193D6781-25AE-43E6-802E-924A5BA7EFD5}.Debug|Any CPU.Build.0 = Debug|Any CPU
		{193D6781-25AE-43E6-802E-924A5BA7EFD5}.Release|Any CPU.ActiveCfg = Release|Any CPU
		{193D6781-25AE-43E6-802E-924A5BA7EFD5}.Release|Any CPU.Build.0 = Release|Any CPU
		{81E56DF8-D842-4FA6-B734-47044A73B804}.Debug|Any CPU.ActiveCfg = Debug|Any CPU
		{81E56DF8-D842-4FA6-B734-47044A73B804}.Debug|Any CPU.Build.0 = Debug|Any CPU
		{81E56DF8-D842-4FA6-B734-47044A73B804}.Release|Any CPU.ActiveCfg = Release|Any CPU
		{81E56DF8-D842-4FA6-B734-47044A73B804}.Release|Any CPU.Build.0 = Release|Any CPU
		{5B376FDB-4C6D-438B-AE30-29B3BB8D4686}.Debug|Any CPU.ActiveCfg = Debug|Any CPU
		{5B376FDB-4C6D-438B-AE30-29B3BB8D4686}.Debug|Any CPU.Build.0 = Debug|Any CPU
		{5B376FDB-4C6D-438B-AE30-29B3BB8D4686}.Release|Any CPU.ActiveCfg = Release|Any CPU
		{5B376FDB-4C6D-438B-AE30-29B3BB8D4686}.Release|Any CPU.Build.0 = Release|Any CPU
	EndGlobalSection
	GlobalSection(SolutionProperties) = preSolution
		HideSolutionNode = FALSE
	EndGlobalSection
	GlobalSection(NestedProjects) = preSolution
		{A9E96D77-5A68-4EB3-956E-AAE0F69EB152} = {02EA681E-C7D8-13C7-8484-4AC65E1B71E8}
		{BD2FF32E-DFF1-4B7D-80D8-A0A38DBA6DFA} = {02EA681E-C7D8-13C7-8484-4AC65E1B71E8}
		{81E56DF8-D842-4FA6-B734-47044A73B804} = {02EA681E-C7D8-13C7-8484-4AC65E1B71E8}
	EndGlobalSection
	GlobalSection(ExtensibilityGlobals) = postSolution
		SolutionGuid = {BF0FE4D9-83F4-405F-9EF1-623F8DCBE8B8}
	EndGlobalSection
EndGlobal
