
Microsoft Visual Studio Solution File, Format Version 12.00
# Visual Studio Version 17
VisualStudioVersion = 17.14.36127.28
MinimumVisualStudioVersion = 10.0.40219.1
Project("{FAE04EC0-301F-11D3-BF4B-00C04F79EFBC}") = "OncoSharp.Core", "OncoSharp.Core\OncoSharp.Core.csproj", "{8D85601A-29AA-4621-AFD5-4479854682A8}"
EndProject
Project("{2150E333-8FDC-42A3-9474-1A3956D46DE8}") = "Tests", "Tests", "{02EA681E-C7D8-13C7-8484-4AC65E1B71E8}"
EndProject
Project("{FAE04EC0-301F-11D3-BF4B-00C04F79EFBC}") = "OncoSharp.Core.Tests", "OncoSharp.Core.Tests\OncoSharp.Core.Tests.csproj", "{A9E96D77-5A68-4EB3-956E-AAE0F69EB152}"
EndProject
Project("{FAE04EC0-301F-11D3-BF4B-00C04F79EFBC}") = "OncoSharp.DVH", "OncoSharp.DVH\OncoSharp.DVH.csproj", "{0D964E8A-BDB1-402D-88F3-35CE559D1636}"
EndProject
Project("{FAE04EC0-301F-11D3-BF4B-00C04F79EFBC}") = "OncoSharp.DVH.Parsers", "OncoSharp.DVH.Parsers\OncoSharp.DVH.Parsers.csproj", "{565D2308-C385-40ED-8958-11129157F66F}"
EndProject
Project("{FAE04EC0-301F-11D3-BF4B-00C04F79EFBC}") = "OncoSharp.DVH.Tests", "OncoSharp.DVH.Tests\OncoSharp.DVH.Tests.csproj", "{BD2FF32E-DFF1-4B7D-80D8-A0A38DBA6DFA}"
EndProject
Project("{FAE04EC0-301F-11D3-BF4B-00C04F79EFBC}") = "OncoSharp.Radiobiology", "OncoSharp.Radiobiology\OncoSharp.Radiobiology.csproj", "{193D6781-25AE-43E6-802E-924A5BA7EFD5}"
EndProject
Project("{FAE04EC0-301F-11D3-BF4B-00C04F79EFBC}") = "OncoSharp.Radiobiology.Tests", "OncoSharp.Radiobiology.Tests\OncoSharp.Radiobiology.Tests.csproj", "{81E56DF8-D842-4FA6-B734-47044A73B804}"
EndProject
Project("{FAE04EC0-301F-11D3-BF4B-00C04F79EFBC}") = "OncoSharp.SimplexGlobalSolver", "OncoSharp.SimplexGlobalSolver\OncoSharp.SimplexGlobalSolver.csproj", "{DC1AF5D1-826C-4FE7-B268-2AD29B991F01}"
EndProject
Project("{FAE04EC0-301F-11D3-BF4B-00C04F79EFBC}") = "OncoSharp.RTDomainModel", "OncoSharp.RTDomainModel\OncoSharp.RTDomainModel.csproj", "{2B046FE7-AA67-404D-A3D2-C134FCF77654}"
EndProject
Project("{FAE04EC0-301F-11D3-BF4B-00C04F79EFBC}") = "OncoSharp.ImagingDomainModel", "OncoSharp.ImagingDomainModel\OncoSharp.ImagingDomainModel.csproj", "{C31A2F7A-19F3-434A-AD9F-78EC035CB4CB}"
EndProject
Project("{FAE04EC0-301F-11D3-BF4B-00C04F79EFBC}") = "OncoSharp.Optimization.Abstractions", "OncoSharp.Optimization.Abstractions\OncoSharp.Optimization.Abstractions.csproj", "{CACE2257-08D1-46CF-9143-4FE7576EF5A1}"
EndProject
Project("{FAE04EC0-301F-11D3-BF4B-00C04F79EFBC}") = "OncoSharp.Optimization.Algorithms", "OncoSharp.Optimization.Algorithms\OncoSharp.Optimization.Algorithms.csproj", "{F8139E4C-2D6D-4946-922C-75BE65756B5F}"
EndProject
Project("{FAE04EC0-301F-11D3-BF4B-00C04F79EFBC}") = "OncoSharp.Statistics.Abstractions", "OncoSharp.Statistics.Abstractions\OncoSharp.Statistics.Abstractions.csproj", "{C7B9EB69-8E0B-7A3D-F9A5-F6568BF70EC2}"
EndProject
Project("{FAE04EC0-301F-11D3-BF4B-00C04F79EFBC}") = "OncoSharp.Statistics.Models", "OncoSharp.Statistics.Models\OncoSharp.Statistics.Models.csproj", "{126B4849-0881-445D-84CD-3F6A3E60CF7B}"
EndProject
Project("{2150E333-8FDC-42A3-9474-1A3956D46DE8}") = "Projects", "Projects", "{52258D48-5C20-4CA2-A656-DEECD40D0EA7}"
EndProject
Project("{FAE04EC0-301F-11D3-BF4B-00C04F79EFBC}") = "GliaaAnalysisApp", "GliaaAnalysisApp\GliaaAnalysisApp.csproj", "{041B4DA3-98DC-4A24-9FBF-D31B197191D3}"
EndProject
Project("{FAE04EC0-301F-11D3-BF4B-00C04F79EFBC}") = "OncoSharp.Statistics.Models.Tests", "OncoSharp.Statistics.Models.Tests\OncoSharp.Statistics.Models.Tests.csproj", "{CC4E96C8-9494-4453-821B-0235B60F8B1A}"
EndProject
Project("{FAE04EC0-301F-11D3-BF4B-00C04F79EFBC}") = "OncoSharp.Statistics.Models.Diagnostics", "OncoSharp.Statistics.Models.Diagnostics\OncoSharp.Statistics.Models.Diagnostics.csproj", "{ACD46422-210B-49CF-B22B-C53E3DD9CA5F}"
EndProject
Project("{FAE04EC0-301F-11D3-BF4B-00C04F79EFBC}") = "MattoNtcpApp", "MattoNtcpApp\MattoNtcpApp.csproj", "{64E049E9-19B1-4403-A7EB-304AE3782BB6}"
EndProject
Project("{FAE04EC0-301F-11D3-BF4B-00C04F79EFBC}") = "OncoSharp.HDF5", "OncoSharp.HDF5\OncoSharp.HDF5.csproj", "{A6EB447F-A9C1-47BC-A323-0DFCDD948F15}"
EndProject
Project("{FAE04EC0-301F-11D3-BF4B-00C04F79EFBC}") = "MattotTcpApp", "MattotTcpApp\MattotTcpApp.csproj", "{0AC30346-2C7C-473D-A83A-093B3EFFAEC8}"
EndProject
Global
	GlobalSection(SolutionConfigurationPlatforms) = preSolution
		Debug|Any CPU = Debug|Any CPU
		Release|Any CPU = Release|Any CPU
	EndGlobalSection
	GlobalSection(ProjectConfigurationPlatforms) = postSolution
		{8D85601A-29AA-4621-AFD5-4479854682A8}.Debug|Any CPU.ActiveCfg = Debug|Any CPU
		{8D85601A-29AA-4621-AFD5-4479854682A8}.Debug|Any CPU.Build.0 = Debug|Any CPU
		{8D85601A-29AA-4621-AFD5-4479854682A8}.Release|Any CPU.ActiveCfg = Release|Any CPU
		{8D85601A-29AA-4621-AFD5-4479854682A8}.Release|Any CPU.Build.0 = Release|Any CPU
		{A9E96D77-5A68-4EB3-956E-AAE0F69EB152}.Debug|Any CPU.ActiveCfg = Debug|Any CPU
		{A9E96D77-5A68-4EB3-956E-AAE0F69EB152}.Debug|Any CPU.Build.0 = Debug|Any CPU
		{A9E96D77-5A68-4EB3-956E-AAE0F69EB152}.Release|Any CPU.ActiveCfg = Release|Any CPU
		{A9E96D77-5A68-4EB3-956E-AAE0F69EB152}.Release|Any CPU.Build.0 = Release|Any CPU
		{0D964E8A-BDB1-402D-88F3-35CE559D1636}.Debug|Any CPU.ActiveCfg = Debug|Any CPU
		{0D964E8A-BDB1-402D-88F3-35CE559D1636}.Debug|Any CPU.Build.0 = Debug|Any CPU
		{0D964E8A-BDB1-402D-88F3-35CE559D1636}.Release|Any CPU.ActiveCfg = Release|Any CPU
		{0D964E8A-BDB1-402D-88F3-35CE559D1636}.Release|Any CPU.Build.0 = Release|Any CPU
		{565D2308-C385-40ED-8958-11129157F66F}.Debug|Any CPU.ActiveCfg = Debug|Any CPU
		{565D2308-C385-40ED-8958-11129157F66F}.Debug|Any CPU.Build.0 = Debug|Any CPU
		{565D2308-C385-40ED-8958-11129157F66F}.Release|Any CPU.ActiveCfg = Release|Any CPU
		{565D2308-C385-40ED-8958-11129157F66F}.Release|Any CPU.Build.0 = Release|Any CPU
		{BD2FF32E-DFF1-4B7D-80D8-A0A38DBA6DFA}.Debug|Any CPU.ActiveCfg = Debug|Any CPU
		{BD2FF32E-DFF1-4B7D-80D8-A0A38DBA6DFA}.Debug|Any CPU.Build.0 = Debug|Any CPU
		{BD2FF32E-DFF1-4B7D-80D8-A0A38DBA6DFA}.Release|Any CPU.ActiveCfg = Release|Any CPU
		{BD2FF32E-DFF1-4B7D-80D8-A0A38DBA6DFA}.Release|Any CPU.Build.0 = Release|Any CPU
		{193D6781-25AE-43E6-802E-924A5BA7EFD5}.Debug|Any CPU.ActiveCfg = Debug|Any CPU
		{193D6781-25AE-43E6-802E-924A5BA7EFD5}.Debug|Any CPU.Build.0 = Debug|Any CPU
		{193D6781-25AE-43E6-802E-924A5BA7EFD5}.Release|Any CPU.ActiveCfg = Release|Any CPU
		{193D6781-25AE-43E6-802E-924A5BA7EFD5}.Release|Any CPU.Build.0 = Release|Any CPU
		{81E56DF8-D842-4FA6-B734-47044A73B804}.Debug|Any CPU.ActiveCfg = Debug|Any CPU
		{81E56DF8-D842-4FA6-B734-47044A73B804}.Debug|Any CPU.Build.0 = Debug|Any CPU
		{81E56DF8-D842-4FA6-B734-47044A73B804}.Release|Any CPU.ActiveCfg = Release|Any CPU
		{81E56DF8-D842-4FA6-B734-47044A73B804}.Release|Any CPU.Build.0 = Release|Any CPU
		{DC1AF5D1-826C-4FE7-B268-2AD29B991F01}.Debug|Any CPU.ActiveCfg = Debug|Any CPU
		{DC1AF5D1-826C-4FE7-B268-2AD29B991F01}.Debug|Any CPU.Build.0 = Debug|Any CPU
		{DC1AF5D1-826C-4FE7-B268-2AD29B991F01}.Release|Any CPU.ActiveCfg = Release|Any CPU
		{DC1AF5D1-826C-4FE7-B268-2AD29B991F01}.Release|Any CPU.Build.0 = Release|Any CPU
		{2B046FE7-AA67-404D-A3D2-C134FCF77654}.Debug|Any CPU.ActiveCfg = Debug|Any CPU
		{2B046FE7-AA67-404D-A3D2-C134FCF77654}.Debug|Any CPU.Build.0 = Debug|Any CPU
		{2B046FE7-AA67-404D-A3D2-C134FCF77654}.Release|Any CPU.ActiveCfg = Release|Any CPU
		{2B046FE7-AA67-404D-A3D2-C134FCF77654}.Release|Any CPU.Build.0 = Release|Any CPU
		{C31A2F7A-19F3-434A-AD9F-78EC035CB4CB}.Debug|Any CPU.ActiveCfg = Debug|Any CPU
		{C31A2F7A-19F3-434A-AD9F-78EC035CB4CB}.Debug|Any CPU.Build.0 = Debug|Any CPU
		{C31A2F7A-19F3-434A-AD9F-78EC035CB4CB}.Release|Any CPU.ActiveCfg = Release|Any CPU
		{C31A2F7A-19F3-434A-AD9F-78EC035CB4CB}.Release|Any CPU.Build.0 = Release|Any CPU
		{CACE2257-08D1-46CF-9143-4FE7576EF5A1}.Debug|Any CPU.ActiveCfg = Debug|Any CPU
		{CACE2257-08D1-46CF-9143-4FE7576EF5A1}.Debug|Any CPU.Build.0 = Debug|Any CPU
		{CACE2257-08D1-46CF-9143-4FE7576EF5A1}.Release|Any CPU.ActiveCfg = Release|Any CPU
		{CACE2257-08D1-46CF-9143-4FE7576EF5A1}.Release|Any CPU.Build.0 = Release|Any CPU
		{F8139E4C-2D6D-4946-922C-75BE65756B5F}.Debug|Any CPU.ActiveCfg = Debug|Any CPU
		{F8139E4C-2D6D-4946-922C-75BE65756B5F}.Debug|Any CPU.Build.0 = Debug|Any CPU
		{F8139E4C-2D6D-4946-922C-75BE65756B5F}.Release|Any CPU.ActiveCfg = Release|Any CPU
		{F8139E4C-2D6D-4946-922C-75BE65756B5F}.Release|Any CPU.Build.0 = Release|Any CPU
		{C7B9EB69-8E0B-7A3D-F9A5-F6568BF70EC2}.Debug|Any CPU.ActiveCfg = Debug|Any CPU
		{C7B9EB69-8E0B-7A3D-F9A5-F6568BF70EC2}.Debug|Any CPU.Build.0 = Debug|Any CPU
		{C7B9EB69-8E0B-7A3D-F9A5-F6568BF70EC2}.Release|Any CPU.ActiveCfg = Release|Any CPU
		{C7B9EB69-8E0B-7A3D-F9A5-F6568BF70EC2}.Release|Any CPU.Build.0 = Release|Any CPU
		{126B4849-0881-445D-84CD-3F6A3E60CF7B}.Debug|Any CPU.ActiveCfg = Debug|Any CPU
		{126B4849-0881-445D-84CD-3F6A3E60CF7B}.Debug|Any CPU.Build.0 = Debug|Any CPU
		{126B4849-0881-445D-84CD-3F6A3E60CF7B}.Release|Any CPU.ActiveCfg = Release|Any CPU
		{126B4849-0881-445D-84CD-3F6A3E60CF7B}.Release|Any CPU.Build.0 = Release|Any CPU
		{041B4DA3-98DC-4A24-9FBF-D31B197191D3}.Debug|Any CPU.ActiveCfg = Debug|x64
		{041B4DA3-98DC-4A24-9FBF-D31B197191D3}.Debug|Any CPU.Build.0 = Debug|x64
		{041B4DA3-98DC-4A24-9FBF-D31B197191D3}.Release|Any CPU.ActiveCfg = Release|Any CPU
		{041B4DA3-98DC-4A24-9FBF-D31B197191D3}.Release|Any CPU.Build.0 = Release|Any CPU
		{CC4E96C8-9494-4453-821B-0235B60F8B1A}.Debug|Any CPU.ActiveCfg = Debug|Any CPU
		{CC4E96C8-9494-4453-821B-0235B60F8B1A}.Debug|Any CPU.Build.0 = Debug|Any CPU
		{CC4E96C8-9494-4453-821B-0235B60F8B1A}.Release|Any CPU.ActiveCfg = Release|Any CPU
		{CC4E96C8-9494-4453-821B-0235B60F8B1A}.Release|Any CPU.Build.0 = Release|Any CPU
		{ACD46422-210B-49CF-B22B-C53E3DD9CA5F}.Debug|Any CPU.ActiveCfg = Debug|Any CPU
		{ACD46422-210B-49CF-B22B-C53E3DD9CA5F}.Debug|Any CPU.Build.0 = Debug|Any CPU
		{ACD46422-210B-49CF-B22B-C53E3DD9CA5F}.Release|Any CPU.ActiveCfg = Release|Any CPU
		{ACD46422-210B-49CF-B22B-C53E3DD9CA5F}.Release|Any CPU.Build.0 = Release|Any CPU
		{64E049E9-19B1-4403-A7EB-304AE3782BB6}.Debug|Any CPU.ActiveCfg = Debug|Any CPU
		{64E049E9-19B1-4403-A7EB-304AE3782BB6}.Debug|Any CPU.Build.0 = Debug|Any CPU
		{64E049E9-19B1-4403-A7EB-304AE3782BB6}.Release|Any CPU.ActiveCfg = Release|Any CPU
		{64E049E9-19B1-4403-A7EB-304AE3782BB6}.Release|Any CPU.Build.0 = Release|Any CPU
		{A6EB447F-A9C1-47BC-A323-0DFCDD948F15}.Debug|Any CPU.ActiveCfg = Debug|Any CPU
		{A6EB447F-A9C1-47BC-A323-0DFCDD948F15}.Debug|Any CPU.Build.0 = Debug|Any CPU
		{A6EB447F-A9C1-47BC-A323-0DFCDD948F15}.Release|Any CPU.ActiveCfg = Release|Any CPU
		{A6EB447F-A9C1-47BC-A323-0DFCDD948F15}.Release|Any CPU.Build.0 = Release|Any CPU
		{0AC30346-2C7C-473D-A83A-093B3EFFAEC8}.Debug|Any CPU.ActiveCfg = Debug|Any CPU
		{0AC30346-2C7C-473D-A83A-093B3EFFAEC8}.Debug|Any CPU.Build.0 = Debug|Any CPU
		{0AC30346-2C7C-473D-A83A-093B3EFFAEC8}.Release|Any CPU.ActiveCfg = Release|Any CPU
		{0AC30346-2C7C-473D-A83A-093B3EFFAEC8}.Release|Any CPU.Build.0 = Release|Any CPU
	EndGlobalSection
	GlobalSection(SolutionProperties) = preSolution
		HideSolutionNode = FALSE
	EndGlobalSection
	GlobalSection(NestedProjects) = preSolution
		{A9E96D77-5A68-4EB3-956E-AAE0F69EB152} = {02EA681E-C7D8-13C7-8484-4AC65E1B71E8}
		{BD2FF32E-DFF1-4B7D-80D8-A0A38DBA6DFA} = {02EA681E-C7D8-13C7-8484-4AC65E1B71E8}
		{81E56DF8-D842-4FA6-B734-47044A73B804} = {02EA681E-C7D8-13C7-8484-4AC65E1B71E8}
		{041B4DA3-98DC-4A24-9FBF-D31B197191D3} = {52258D48-5C20-4CA2-A656-DEECD40D0EA7}
		{CC4E96C8-9494-4453-821B-0235B60F8B1A} = {02EA681E-C7D8-13C7-8484-4AC65E1B71E8}
		{64E049E9-19B1-4403-A7EB-304AE3782BB6} = {52258D48-5C20-4CA2-A656-DEECD40D0EA7}
		{0AC30346-2C7C-473D-A83A-093B3EFFAEC8} = {52258D48-5C20-4CA2-A656-DEECD40D0EA7}
	EndGlobalSection
	GlobalSection(ExtensibilityGlobals) = postSolution
		SolutionGuid = {BF0FE4D9-83F4-405F-9EF1-623F8DCBE8B8}
	EndGlobalSection
EndGlobal
