
Microsoft Visual Studio Solution File, Format Version 12.00
# Visual Studio Version 17
VisualStudioVersion = 17.14.36127.28
MinimumVisualStudioVersion = 10.0.40219.1
Project("{FAE04EC0-301F-11D3-BF4B-00C04F79EFBC}") = "OncoSharp.Core", "OncoSharp.Core\OncoSharp.Core.csproj", "{8D85601A-29AA-4621-AFD5-4479854682A8}"
EndProject
Project("{2150E333-8FDC-42A3-9474-1A3956D46DE8}") = "Tests", "Tests", "{02EA681E-C7D8-13C7-8484-4AC65E1B71E8}"
EndProject
Project("{FAE04EC0-301F-11D3-BF4B-00C04F79EFBC}") = "OncoSharp.Core.Tests", "OncoSharp.Core.Tests\OncoSharp.Core.Tests.csproj", "{A9E96D77-5A68-4EB3-956E-AAE0F69EB152}"
EndProject
Global
	GlobalSection(SolutionConfigurationPlatforms) = preSolution
		Debug|Any CPU = Debug|Any CPU
		Release|Any CPU = Release|Any CPU
	EndGlobalSection
	GlobalSection(ProjectConfigurationPlatforms) = postSolution
		{8D85601A-29AA-4621-AFD5-4479854682A8}.Debug|Any CPU.ActiveCfg = Debug|Any CPU
		{8D85601A-29AA-4621-AFD5-4479854682A8}.Debug|Any CPU.Build.0 = Debug|Any CPU
		{8D85601A-29AA-4621-AFD5-4479854682A8}.Release|Any CPU.ActiveCfg = Release|Any CPU
		{8D85601A-29AA-4621-AFD5-4479854682A8}.Release|Any CPU.Build.0 = Release|Any CPU
		{A9E96D77-5A68-4EB3-956E-AAE0F69EB152}.Debug|Any CPU.ActiveCfg = Debug|Any CPU
		{A9E96D77-5A68-4EB3-956E-AAE0F69EB152}.Debug|Any CPU.Build.0 = Debug|Any CPU
		{A9E96D77-5A68-4EB3-956E-AAE0F69EB152}.Release|Any CPU.ActiveCfg = Release|Any CPU
		{A9E96D77-5A68-4EB3-956E-AAE0F69EB152}.Release|Any CPU.Build.0 = Release|Any CPU
	EndGlobalSection
	GlobalSection(SolutionProperties) = preSolution
		HideSolutionNode = FALSE
	EndGlobalSection
	GlobalSection(NestedProjects) = preSolution
		{A9E96D77-5A68-4EB3-956E-AAE0F69EB152} = {02EA681E-C7D8-13C7-8484-4AC65E1B71E8}
	EndGlobalSection
	GlobalSection(ExtensibilityGlobals) = postSolution
		SolutionGuid = {BF0FE4D9-83F4-405F-9EF1-623F8DCBE8B8}
	EndGlobalSection
EndGlobal
